// !$*UTF8*$!
{
	archiveVersion = 1;
	classes = {
	};
	objectVersion = 46;
	objects = {

/* Begin PBXBuildFile section */
		BDE8A0791CE96D6800156166 /* AppDelegate.swift in Sources */ = {isa = PBXBuildFile; fileRef = BDE8A0781CE96D6800156166 /* AppDelegate.swift */; };
		BDE8A07B1CE96D6800156166 /* ViewController.swift in Sources */ = {isa = PBXBuildFile; fileRef = BDE8A07A1CE96D6800156166 /* ViewController.swift */; };
		BDE8A07E1CE96D6800156166 /* Main.storyboard in Resources */ = {isa = PBXBuildFile; fileRef = BDE8A07C1CE96D6800156166 /* Main.storyboard */; };
		BDE8A0801CE96D6800156166 /* Assets.xcassets in Resources */ = {isa = PBXBuildFile; fileRef = BDE8A07F1CE96D6800156166 /* Assets.xcassets */; };
		BDE8A0831CE96D6800156166 /* LaunchScreen.storyboard in Resources */ = {isa = PBXBuildFile; fileRef = BDE8A0811CE96D6800156166 /* LaunchScreen.storyboard */; };
		BDE8A0921CE9753100156166 /* DBMetaballLoadingLayer.swift in Sources */ = {isa = PBXBuildFile; fileRef = BDE8A0901CE9753100156166 /* DBMetaballLoadingLayer.swift */; };
		BDE8A0931CE9753100156166 /* DBMetaballLoadingView.swift in Sources */ = {isa = PBXBuildFile; fileRef = BDE8A0911CE9753100156166 /* DBMetaballLoadingView.swift */; };
		BDE8A0951CE99B3D00156166 /* DBCircle.swift in Sources */ = {isa = PBXBuildFile; fileRef = BDE8A0941CE99B3D00156166 /* DBCircle.swift */; };
/* End PBXBuildFile section */

/* Begin PBXFileReference section */
		BDE8A0751CE96D6800156166 /* DBMetaballLoading.app */ = {isa = PBXFileReference; explicitFileType = wrapper.application; includeInIndex = 0; path = DBMetaballLoading.app; sourceTree = BUILT_PRODUCTS_DIR; };
		BDE8A0781CE96D6800156166 /* AppDelegate.swift */ = {isa = PBXFileReference; lastKnownFileType = sourcecode.swift; path = AppDelegate.swift; sourceTree = "<group>"; };
		BDE8A07A1CE96D6800156166 /* ViewController.swift */ = {isa = PBXFileReference; lastKnownFileType = sourcecode.swift; path = ViewController.swift; sourceTree = "<group>"; };
		BDE8A07D1CE96D6800156166 /* Base */ = {isa = PBXFileReference; lastKnownFileType = file.storyboard; name = Base; path = Base.lproj/Main.storyboard; sourceTree = "<group>"; };
		BDE8A07F1CE96D6800156166 /* Assets.xcassets */ = {isa = PBXFileReference; lastKnownFileType = folder.assetcatalog; path = Assets.xcassets; sourceTree = "<group>"; };
		BDE8A0821CE96D6800156166 /* Base */ = {isa = PBXFileReference; lastKnownFileType = file.storyboard; name = Base; path = Base.lproj/LaunchScreen.storyboard; sourceTree = "<group>"; };
		BDE8A0841CE96D6800156166 /* Info.plist */ = {isa = PBXFileReference; lastKnownFileType = text.plist.xml; path = Info.plist; sourceTree = "<group>"; };
		BDE8A0901CE9753100156166 /* DBMetaballLoadingLayer.swift */ = {isa = PBXFileReference; fileEncoding = 4; lastKnownFileType = sourcecode.swift; path = DBMetaballLoadingLayer.swift; sourceTree = "<group>"; };
		BDE8A0911CE9753100156166 /* DBMetaballLoadingView.swift */ = {isa = PBXFileReference; fileEncoding = 4; lastKnownFileType = sourcecode.swift; path = DBMetaballLoadingView.swift; sourceTree = "<group>"; };
		BDE8A0941CE99B3D00156166 /* DBCircle.swift */ = {isa = PBXFileReference; fileEncoding = 4; lastKnownFileType = sourcecode.swift; path = DBCircle.swift; sourceTree = "<group>"; };
/* End PBXFileReference section */

/* Begin PBXFrameworksBuildPhase section */
		BDE8A0721CE96D6800156166 /* Frameworks */ = {
			isa = PBXFrameworksBuildPhase;
			buildActionMask = 2147483647;
			files = (
			);
			runOnlyForDeploymentPostprocessing = 0;
		};
/* End PBXFrameworksBuildPhase section */

/* Begin PBXGroup section */
		BDE8A06C1CE96D6800156166 = {
			isa = PBXGroup;
			children = (
				BDE8A0771CE96D6800156166 /* DBMetaballLoading */,
				BDE8A0761CE96D6800156166 /* Products */,
			);
			sourceTree = "<group>";
		};
		BDE8A0761CE96D6800156166 /* Products */ = {
			isa = PBXGroup;
			children = (
				BDE8A0751CE96D6800156166 /* DBMetaballLoading.app */,
			);
			name = Products;
			sourceTree = "<group>";
		};
		BDE8A0771CE96D6800156166 /* DBMetaballLoading */ = {
			isa = PBXGroup;
			children = (
				BDE8A08F1CE9753100156166 /* Source */,
				BDE8A0781CE96D6800156166 /* AppDelegate.swift */,
				BDE8A07A1CE96D6800156166 /* ViewController.swift */,
				BDE8A07C1CE96D6800156166 /* Main.storyboard */,
				BDE8A07F1CE96D6800156166 /* Assets.xcassets */,
				BDE8A0811CE96D6800156166 /* LaunchScreen.storyboard */,
				BDE8A0841CE96D6800156166 /* Info.plist */,
			);
			path = DBMetaballLoading;
			sourceTree = "<group>";
		};
		BDE8A08F1CE9753100156166 /* Source */ = {
			isa = PBXGroup;
			children = (
				BDE8A0941CE99B3D00156166 /* DBCircle.swift */,
				BDE8A0901CE9753100156166 /* DBMetaballLoadingLayer.swift */,
				BDE8A0911CE9753100156166 /* DBMetaballLoadingView.swift */,
			);
			path = Source;
			sourceTree = "<group>";
		};
/* End PBXGroup section */

/* Begin PBXNativeTarget section */
		BDE8A0741CE96D6800156166 /* DBMetaballLoading */ = {
			isa = PBXNativeTarget;
			buildConfigurationList = BDE8A0871CE96D6900156166 /* Build configuration list for PBXNativeTarget "DBMetaballLoading" */;
			buildPhases = (
				BDE8A0711CE96D6800156166 /* Sources */,
				BDE8A0721CE96D6800156166 /* Frameworks */,
				BDE8A0731CE96D6800156166 /* Resources */,
			);
			buildRules = (
			);
			dependencies = (
			);
			name = DBMetaballLoading;
			productName = DBMetaballLoading;
			productReference = BDE8A0751CE96D6800156166 /* DBMetaballLoading.app */;
			productType = "com.apple.product-type.application";
		};
/* End PBXNativeTarget section */

/* Begin PBXProject section */
		BDE8A06D1CE96D6800156166 /* Project object */ = {
			isa = PBXProject;
			attributes = {
				LastSwiftUpdateCheck = 0730;
				LastUpgradeCheck = 0730;
				ORGANIZATIONNAME = Sketchingame;
				TargetAttributes = {
					BDE8A0741CE96D6800156166 = {
						CreatedOnToolsVersion = 7.3;
					};
				};
			};
			buildConfigurationList = BDE8A0701CE96D6800156166 /* Build configuration list for PBXProject "DBMetaballLoading" */;
			compatibilityVersion = "Xcode 3.2";
			developmentRegion = English;
			hasScannedForEncodings = 0;
			knownRegions = (
				en,
				Base,
			);
			mainGroup = BDE8A06C1CE96D6800156166;
			productRefGroup = BDE8A0761CE96D6800156166 /* Products */;
			projectDirPath = "";
			projectRoot = "";
			targets = (
				BDE8A0741CE96D6800156166 /* DBMetaballLoading */,
			);
		};
/* End PBXProject section */

/* Begin PBXResourcesBuildPhase section */
		BDE8A0731CE96D6800156166 /* Resources */ = {
			isa = PBXResourcesBuildPhase;
			buildActionMask = 2147483647;
			files = (
				BDE8A0831CE96D6800156166 /* LaunchScreen.storyboard in Resources */,
				BDE8A0801CE96D6800156166 /* Assets.xcassets in Resources */,
				BDE8A07E1CE96D6800156166 /* Main.storyboard in Resources */,
			);
			runOnlyForDeploymentPostprocessing = 0;
		};
/* End PBXResourcesBuildPhase section */

/* Begin PBXSourcesBuildPhase section */
		BDE8A0711CE96D6800156166 /* Sources */ = {
			isa = PBXSourcesBuildPhase;
			buildActionMask = 2147483647;
			files = (
				BDE8A0921CE9753100156166 /* DBMetaballLoadingLayer.swift in Sources */,
				BDE8A07B1CE96D6800156166 /* ViewController.swift in Sources */,
				BDE8A0791CE96D6800156166 /* AppDelegate.swift in Sources */,
				BDE8A0931CE9753100156166 /* DBMetaballLoadingView.swift in Sources */,
				BDE8A0951CE99B3D00156166 /* DBCircle.swift in Sources */,
			);
			runOnlyForDeploymentPostprocessing = 0;
		};
/* End PBXSourcesBuildPhase section */

/* Begin PBXVariantGroup section */
		BDE8A07C1CE96D6800156166 /* Main.storyboard */ = {
			isa = PBXVariantGroup;
			children = (
				BDE8A07D1CE96D6800156166 /* Base */,
			);
			name = Main.storyboard;
			sourceTree = "<group>";
		};
		BDE8A0811CE96D6800156166 /* LaunchScreen.storyboard */ = {
			isa = PBXVariantGroup;
			children = (
				BDE8A0821CE96D6800156166 /* Base */,
			);
			name = LaunchScreen.storyboard;
			sourceTree = "<group>";
		};
/* End PBXVariantGroup section */

/* Begin XCBuildConfiguration section */
		BDE8A0851CE96D6800156166 /* Debug */ = {
			isa = XCBuildConfiguration;
			buildSettings = {
				ALWAYS_SEARCH_USER_PATHS = NO;
				CLANG_ANALYZER_NONNULL = YES;
				CLANG_CXX_LANGUAGE_STANDARD = "gnu++0x";
				CLANG_CXX_LIBRARY = "libc++";
				CLANG_ENABLE_MODULES = YES;
				CLANG_ENABLE_OBJC_ARC = YES;
				CLANG_WARN_BOOL_CONVERSION = YES;
				CLANG_WARN_CONSTANT_CONVERSION = YES;
				CLANG_WARN_DIRECT_OBJC_ISA_USAGE = YES_ERROR;
				CLANG_WARN_EMPTY_BODY = YES;
				CLANG_WARN_ENUM_CONVERSION = YES;
				CLANG_WARN_INT_CONVERSION = YES;
				CLANG_WARN_OBJC_ROOT_CLASS = YES_ERROR;
				CLANG_WARN_UNREACHABLE_CODE = YES;
				CLANG_WARN__DUPLICATE_METHOD_MATCH = YES;
				"CODE_SIGN_IDENTITY[sdk=iphoneos*]" = "iPhone Developer";
				COPY_PHASE_STRIP = NO;
				DEBUG_INFORMATION_FORMAT = dwarf;
				ENABLE_STRICT_OBJC_MSGSEND = YES;
				ENABLE_TESTABILITY = YES;
				GCC_C_LANGUAGE_STANDARD = gnu99;
				GCC_DYNAMIC_NO_PIC = NO;
				GCC_NO_COMMON_BLOCKS = YES;
				GCC_OPTIMIZATION_LEVEL = 0;
				GCC_PREPROCESSOR_DEFINITIONS = (
					"DEBUG=1",
					"$(inherited)",
				);
				GCC_WARN_64_TO_32_BIT_CONVERSION = YES;
				GCC_WARN_ABOUT_RETURN_TYPE = YES_ERROR;
				GCC_WARN_UNDECLARED_SELECTOR = YES;
				GCC_WARN_UNINITIALIZED_AUTOS = YES_AGGRESSIVE;
				GCC_WARN_UNUSED_FUNCTION = YES;
				GCC_WARN_UNUSED_VARIABLE = YES;
				IPHONEOS_DEPLOYMENT_TARGET = 9.3;
				MTL_ENABLE_DEBUG_INFO = YES;
				ONLY_ACTIVE_ARCH = YES;
				SDKROOT = iphoneos;
				SWIFT_OPTIMIZATION_LEVEL = "-Onone";
				TARGETED_DEVICE_FAMILY = "1,2";
			};
			name = Debug;
		};
		BDE8A0861CE96D6800156166 /* Release */ = {
			isa = XCBuildConfiguration;
			buildSettings = {
				ALWAYS_SEARCH_USER_PATHS = NO;
				CLANG_ANALYZER_NONNULL = YES;
				CLANG_CXX_LANGUAGE_STANDARD = "gnu++0x";
				CLANG_CXX_LIBRARY = "libc++";
				CLANG_ENABLE_MODULES = YES;
				CLANG_ENABLE_OBJC_ARC = YES;
				CLANG_WARN_BOOL_CONVERSION = YES;
				CLANG_WARN_CONSTANT_CONVERSION = YES;
				CLANG_WARN_DIRECT_OBJC_ISA_USAGE = YES_ERROR;
				CLANG_WARN_EMPTY_BODY = YES;
				CLANG_WARN_ENUM_CONVERSION = YES;
				CLANG_WARN_INT_CONVERSION = YES;
				CLANG_WARN_OBJC_ROOT_CLASS = YES_ERROR;
				CLANG_WARN_UNREACHABLE_CODE = YES;
				CLANG_WARN__DUPLICATE_METHOD_MATCH = YES;
				"CODE_SIGN_IDENTITY[sdk=iphoneos*]" = "iPhone Developer";
				COPY_PHASE_STRIP = NO;
				DEBUG_INFORMATION_FORMAT = "dwarf-with-dsym";
				ENABLE_NS_ASSERTIONS = NO;
				ENABLE_STRICT_OBJC_MSGSEND = YES;
				GCC_C_LANGUAGE_STANDARD = gnu99;
				GCC_NO_COMMON_BLOCKS = YES;
				GCC_WARN_64_TO_32_BIT_CONVERSION = YES;
				GCC_WARN_ABOUT_RETURN_TYPE = YES_ERROR;
				GCC_WARN_UNDECLARED_SELECTOR = YES;
				GCC_WARN_UNINITIALIZED_AUTOS = YES_AGGRESSIVE;
				GCC_WARN_UNUSED_FUNCTION = YES;
				GCC_WARN_UNUSED_VARIABLE = YES;
				IPHONEOS_DEPLOYMENT_TARGET = 9.3;
				MTL_ENABLE_DEBUG_INFO = NO;
				SDKROOT = iphoneos;
				TARGETED_DEVICE_FAMILY = "1,2";
				VALIDATE_PRODUCT = YES;
			};
			name = Release;
		};
		BDE8A0881CE96D6900156166 /* Debug */ = {
			isa = XCBuildConfiguration;
			buildSettings = {
				ASSETCATALOG_COMPILER_APPICON_NAME = AppIcon;
				CODE_SIGN_IDENTITY = "iPhone Developer";
				INFOPLIST_FILE = DBMetaballLoading/Info.plist;
				IPHONEOS_DEPLOYMENT_TARGET = 8.0;
				LD_RUNPATH_SEARCH_PATHS = "$(inherited) @executable_path/Frameworks";
				PRODUCT_BUNDLE_IDENTIFIER = com.sketchingame.DBMetaballLoading;
				PRODUCT_NAME = "$(TARGET_NAME)";
			};
			name = Debug;
		};
		BDE8A0891CE96D6900156166 /* Release */ = {
			isa = XCBuildConfiguration;
			buildSettings = {
				ASSETCATALOG_COMPILER_APPICON_NAME = AppIcon;
				CODE_SIGN_IDENTITY = "iPhone Developer";
				INFOPLIST_FILE = DBMetaballLoading/Info.plist;
				IPHONEOS_DEPLOYMENT_TARGET = 8.0;
				LD_RUNPATH_SEARCH_PATHS = "$(inherited) @executable_path/Frameworks";
				PRODUCT_BUNDLE_IDENTIFIER = com.sketchingame.DBMetaballLoading;
				PRODUCT_NAME = "$(TARGET_NAME)";
			};
			name = Release;
		};
/* End XCBuildConfiguration section */

/* Begin XCConfigurationList section */
		BDE8A0701CE96D6800156166 /* Build configuration list for PBXProject "DBMetaballLoading" */ = {
			isa = XCConfigurationList;
			buildConfigurations = (
				BDE8A0851CE96D6800156166 /* Debug */,
				BDE8A0861CE96D6800156166 /* Release */,
			);
			defaultConfigurationIsVisible = 0;
			defaultConfigurationName = Release;
		};
		BDE8A0871CE96D6900156166 /* Build configuration list for PBXNativeTarget "DBMetaballLoading" */ = {
			isa = XCConfigurationList;
			buildConfigurations = (
				BDE8A0881CE96D6900156166 /* Debug */,
				BDE8A0891CE96D6900156166 /* Release */,
			);
			defaultConfigurationIsVisible = 0;
			defaultConfigurationName = Release;
		};
/* End XCConfigurationList section */
	};
	rootObject = BDE8A06D1CE96D6800156166 /* Project object */;
}
